
Microsoft Visual Studio Solution File, Format Version 12.00
# Visual Studio Version 17
VisualStudioVersion = 17.10.35004.147
MinimumVisualStudioVersion = 10.0.40219.1
Project("{FAE04EC0-301F-11D3-BF4B-00C04F79EFBC}") = "Historia_Calculator", "Historia_Calculator\Historia_Calculator.csproj", "{CE1A6EA6-3A58-4417-8734-3056A05F94B3}"
EndProject
Global
	GlobalSection(SolutionConfigurationPlatforms) = preSolution
		Debug|Any CPU = Debug|Any CPU
		Release|Any CPU = Release|Any CPU
	EndGlobalSection
	GlobalSection(ProjectConfigurationPlatforms) = postSolution
		{CE1A6EA6-3A58-4417-8734-3056A05F94B3}.Debug|Any CPU.ActiveCfg = Debug|Any CPU
		{CE1A6EA6-3A58-4417-8734-3056A05F94B3}.Debug|Any CPU.Build.0 = Debug|Any CPU
		{CE1A6EA6-3A58-4417-8734-3056A05F94B3}.Release|Any CPU.ActiveCfg = Release|Any CPU
		{CE1A6EA6-3A58-4417-8734-3056A05F94B3}.Release|Any CPU.Build.0 = Release|Any CPU
	EndGlobalSection
	GlobalSection(SolutionProperties) = preSolution
		HideSolutionNode = FALSE
	EndGlobalSection
	GlobalSection(ExtensibilityGlobals) = postSolution
		SolutionGuid = {7444F71C-3C85-4C88-9296-51167156C890}
	EndGlobalSection
EndGlobal
